{
  "name": "enkore-test-project",
  "version": "1.0.0",
  "lockfileVersion": 3,
  "requires": true,
  "packages": {
    "": {
      "name": "enkore-test-project",
      "version": "1.0.0",
      "license": "ISC",
      "devDependencies": {
        "@enkore/core": "^0.4.0",
        "@enkore/realm-js": "^0.0.1",
        "@types/node": "^22.13.10",
        "enkore": "^0.0.7"
      }
    },
    "node_modules/@enkore/core": {
      "version": "0.4.0",
      "resolved": "https://registry.npmjs.org/@enkore/core/-/core-0.4.0.tgz",
      "integrity": "sha512-X21ZekeSkZcH3DbdjVlx2oxHu6T+9AgeIldtg+hal4+BiqkKfnf8Y5QnmttyRUXKPRuvmryc7fty0bSfjXMTpA==",
      "dev": true,
      "license": "MIT"
    },
    "node_modules/@enkore/realm-js": {
      "version": "0.0.1",
      "resolved": "https://registry.npmjs.org/@enkore/realm-js/-/realm-js-0.0.1.tgz",
      "integrity": "sha512-JuA2EiU0XUw7Mnz335x37/s9S2ngScjLRhLHtBUbNjsi2W8gDr+i0fgZLsAhKP1uCA6Q86rBMo7KXprL2c9O+w==",
      "dev": true,
      "license": "MIT"
    },
    "node_modules/@types/node": {
      "version": "22.13.10",
      "resolved": "https://registry.npmjs.org/@types/node/-/node-22.13.10.tgz",
      "integrity": "sha512-I6LPUvlRH+O6VRUqYOcMudhaIdUVWfsjnZavnsraHvpBwaEyMN29ry+0UVJhImYL16xsscu0aske3yA+uPOWfw==",
      "dev": true,
      "license": "MIT",
      "dependencies": {
        "undici-types": "~6.20.0"
      }
    },
    "node_modules/enkore": {
      "version": "0.0.7",
      "resolved": "https://registry.npmjs.org/enkore/-/enkore-0.0.7.tgz",
      "integrity": "sha512-RZbkrISiT4S8wafzriq6HUYX15DS9yPZIeqD2S6jMJ4hj+LeGQ4Mqc4jIOT+Jhuk7OYSp4Pan11EgU3S2S/zQw==",
      "dev": true,
      "license": "MIT",
      "bin": {
        "enkore": "cli.mjs"
      }
    },
    "node_modules/undici-types": {
      "version": "6.20.0",
      "resolved": "https://registry.npmjs.org/undici-types/-/undici-types-6.20.0.tgz",
      "integrity": "sha512-Ny6QZ2Nju20vw1SRHe3d9jVu6gJ+4e3+MMpqu7pqE5HT6WsTSlce++GQmK5UXS8mzV8DSYHrQH+Xrf2jVcuKNg==",
      "dev": true,
      "license": "MIT"
    }
  }
}
